
Microsoft Visual Studio Solution File, Format Version 12.00
# Visual Studio Version 17
VisualStudioVersion = 17.1.32421.90
MinimumVisualStudioVersion = 10.0.40219.1
Project("{FAE04EC0-301F-11D3-BF4B-00C04F79EFBC}") = "CourseWork", "CourseWork\CourseWork.csproj", "{2AD969F0-55ED-4C96-B07F-6E7E605ED1EE}"
EndProject
Global
	GlobalSection(SolutionConfigurationPlatforms) = preSolution
		Debug|Any CPU = Debug|Any CPU
		Release|Any CPU = Release|Any CPU
	EndGlobalSection
	GlobalSection(ProjectConfigurationPlatforms) = postSolution
		{2AD969F0-55ED-4C96-B07F-6E7E605ED1EE}.Debug|Any CPU.ActiveCfg = Debug|Any CPU
		{2AD969F0-55ED-4C96-B07F-6E7E605ED1EE}.Debug|Any CPU.Build.0 = Debug|Any CPU
		{2AD969F0-55ED-4C96-B07F-6E7E605ED1EE}.Release|Any CPU.ActiveCfg = Release|Any CPU
		{2AD969F0-55ED-4C96-B07F-6E7E605ED1EE}.Release|Any CPU.Build.0 = Release|Any CPU
	EndGlobalSection
	GlobalSection(SolutionProperties) = preSolution
		HideSolutionNode = FALSE
	EndGlobalSection
	GlobalSection(ExtensibilityGlobals) = postSolution
		SolutionGuid = {78B4C698-EAAB-4761-825D-F7FADE1E054D}
	EndGlobalSection
EndGlobal
